
Microsoft Visual Studio Solution File, Format Version 12.00
# Visual Studio Version 17
VisualStudioVersion = 17.13.35919.96
MinimumVisualStudioVersion = 10.0.40219.1
Project("{FAE04EC0-301F-11D3-BF4B-00C04F79EFBC}") = "FesteroApp.Api", "FesteroApp.Api\FesteroApp.Api.csproj", "{35162CE4-8344-437F-BFB6-6F1ED1C5A28D}"
EndProject
Project("{FAE04EC0-301F-11D3-BF4B-00C04F79EFBC}") = "FesteroApp.Application", "FesteroApp.Application\FesteroApp.Application.csproj", "{1DB6C3F9-C7C4-49B5-9509-1304F86A4DE2}"
EndProject
Project("{FAE04EC0-301F-11D3-BF4B-00C04F79EFBC}") = "FesteroApp.Domain", "FesteroApp.Domain\FesteroApp.Domain.csproj", "{1FC2BE7A-7E23-4205-AE45-549EB4EB56D7}"
EndProject
Project("{FAE04EC0-301F-11D3-BF4B-00C04F79EFBC}") = "FesteroApp.Infrastructure", "FesteroApp.Infrastructure\FesteroApp.Infrastructure.csproj", "{1648A08C-E841-4C9E-80DC-E219E542F791}"
EndProject
Project("{FAE04EC0-301F-11D3-BF4B-00C04F79EFBC}") = "FesteroApp.Tests", "FesteroApp.Tests\FesteroApp.Tests.csproj", "{95720362-9D65-4C04-BA3E-B4C8D12D3F24}"
EndProject
Project("{FAE04EC0-301F-11D3-BF4B-00C04F79EFBC}") = "FesteroApp.Shared", "FesteroApp.Shared\FesteroApp.Shared.csproj", "{5F82EC10-60AA-417A-BBCA-90C49C2E123C}"
EndProject
Project("{FAE04EC0-301F-11D3-BF4B-00C04F79EFBC}") = "FesteroApp.Migrations", "FesteroApp.Migrations\FesteroApp.Migrations.csproj", "{042D1D04-E896-4CB7-AE4B-07464A39D6FD}"
EndProject
Global
	GlobalSection(SolutionConfigurationPlatforms) = preSolution
		Debug|Any CPU = Debug|Any CPU
		Release|Any CPU = Release|Any CPU
	EndGlobalSection
	GlobalSection(ProjectConfigurationPlatforms) = postSolution
		{35162CE4-8344-437F-BFB6-6F1ED1C5A28D}.Debug|Any CPU.ActiveCfg = Debug|Any CPU
		{35162CE4-8344-437F-BFB6-6F1ED1C5A28D}.Debug|Any CPU.Build.0 = Debug|Any CPU
		{35162CE4-8344-437F-BFB6-6F1ED1C5A28D}.Release|Any CPU.ActiveCfg = Release|Any CPU
		{35162CE4-8344-437F-BFB6-6F1ED1C5A28D}.Release|Any CPU.Build.0 = Release|Any CPU
		{1DB6C3F9-C7C4-49B5-9509-1304F86A4DE2}.Debug|Any CPU.ActiveCfg = Debug|Any CPU
		{1DB6C3F9-C7C4-49B5-9509-1304F86A4DE2}.Debug|Any CPU.Build.0 = Debug|Any CPU
		{1DB6C3F9-C7C4-49B5-9509-1304F86A4DE2}.Release|Any CPU.ActiveCfg = Release|Any CPU
		{1DB6C3F9-C7C4-49B5-9509-1304F86A4DE2}.Release|Any CPU.Build.0 = Release|Any CPU
		{1FC2BE7A-7E23-4205-AE45-549EB4EB56D7}.Debug|Any CPU.ActiveCfg = Debug|Any CPU
		{1FC2BE7A-7E23-4205-AE45-549EB4EB56D7}.Debug|Any CPU.Build.0 = Debug|Any CPU
		{1FC2BE7A-7E23-4205-AE45-549EB4EB56D7}.Release|Any CPU.ActiveCfg = Release|Any CPU
		{1FC2BE7A-7E23-4205-AE45-549EB4EB56D7}.Release|Any CPU.Build.0 = Release|Any CPU
		{1648A08C-E841-4C9E-80DC-E219E542F791}.Debug|Any CPU.ActiveCfg = Debug|Any CPU
		{1648A08C-E841-4C9E-80DC-E219E542F791}.Debug|Any CPU.Build.0 = Debug|Any CPU
		{1648A08C-E841-4C9E-80DC-E219E542F791}.Release|Any CPU.ActiveCfg = Release|Any CPU
		{1648A08C-E841-4C9E-80DC-E219E542F791}.Release|Any CPU.Build.0 = Release|Any CPU
		{95720362-9D65-4C04-BA3E-B4C8D12D3F24}.Debug|Any CPU.ActiveCfg = Debug|Any CPU
		{95720362-9D65-4C04-BA3E-B4C8D12D3F24}.Debug|Any CPU.Build.0 = Debug|Any CPU
		{95720362-9D65-4C04-BA3E-B4C8D12D3F24}.Release|Any CPU.ActiveCfg = Release|Any CPU
		{95720362-9D65-4C04-BA3E-B4C8D12D3F24}.Release|Any CPU.Build.0 = Release|Any CPU
		{5F82EC10-60AA-417A-BBCA-90C49C2E123C}.Debug|Any CPU.ActiveCfg = Debug|Any CPU
		{5F82EC10-60AA-417A-BBCA-90C49C2E123C}.Debug|Any CPU.Build.0 = Debug|Any CPU
		{5F82EC10-60AA-417A-BBCA-90C49C2E123C}.Release|Any CPU.ActiveCfg = Release|Any CPU
		{5F82EC10-60AA-417A-BBCA-90C49C2E123C}.Release|Any CPU.Build.0 = Release|Any CPU
		{042D1D04-E896-4CB7-AE4B-07464A39D6FD}.Debug|Any CPU.ActiveCfg = Debug|Any CPU
		{042D1D04-E896-4CB7-AE4B-07464A39D6FD}.Debug|Any CPU.Build.0 = Debug|Any CPU
		{042D1D04-E896-4CB7-AE4B-07464A39D6FD}.Release|Any CPU.ActiveCfg = Release|Any CPU
		{042D1D04-E896-4CB7-AE4B-07464A39D6FD}.Release|Any CPU.Build.0 = Release|Any CPU
	EndGlobalSection
	GlobalSection(SolutionProperties) = preSolution
		HideSolutionNode = FALSE
	EndGlobalSection
	GlobalSection(ExtensibilityGlobals) = postSolution
		SolutionGuid = {18EA6DCA-4811-4E2D-B57F-8E9E21D09F44}
	EndGlobalSection
EndGlobal
