
Microsoft Visual Studio Solution File, Format Version 12.00
# Visual Studio Version 17
VisualStudioVersion = 17.13.35919.96
MinimumVisualStudioVersion = 10.0.40219.1
Project("{2150E333-8FDC-42A3-9474-1A3956D46DE8}") = "5-Shareds", "5-Shareds", "{81D48BE0-E72F-4238-959B-C322D249FA7A}"
EndProject
Project("{2150E333-8FDC-42A3-9474-1A3956D46DE8}") = "2-Services", "2-Services", "{D5F45561-5BB5-46E7-BF17-1D9F9B45B9CB}"
EndProject
Project("{2150E333-8FDC-42A3-9474-1A3956D46DE8}") = "3-Migrations", "3-Migrations", "{4EE093D5-3D2E-4FDE-9537-83BEE05BA21D}"
EndProject
Project("{2150E333-8FDC-42A3-9474-1A3956D46DE8}") = "4-Tests", "4-Tests", "{6060A4E7-8C70-4D10-9251-9146A4DDA73E}"
EndProject
Project("{2150E333-8FDC-42A3-9474-1A3956D46DE8}") = "Users", "Users", "{3CD08F1C-CA99-4733-9D44-7DB16CC5F348}"
EndProject
Project("{2150E333-8FDC-42A3-9474-1A3956D46DE8}") = "Employees", "Employees", "{2892FBF3-2FEE-4F64-AA4B-C8DD9C4D78DE}"
EndProject
Project("{2150E333-8FDC-42A3-9474-1A3956D46DE8}") = "Companies", "Companies", "{1A79947B-80E6-407B-84E4-A4325E45228C}"
EndProject
Project("{2150E333-8FDC-42A3-9474-1A3956D46DE8}") = "Events", "Events", "{34AB28C8-6948-42F2-B656-57A1BD339F12}"
EndProject
Project("{2150E333-8FDC-42A3-9474-1A3956D46DE8}") = "1-Gateways", "1-Gateways", "{2B7C53B3-4C3A-4B67-863C-98EFEC54028E}"
EndProject
Project("{FAE04EC0-301F-11D3-BF4B-00C04F79EFBC}") = "FesteroApp.Gateway.Bff", "Gateways\FesteroApp.Gateway.Bff\FesteroApp.Gateway.Bff.csproj", "{D443EC5F-12FB-45EA-85EA-21EC0F61D829}"
EndProject
Project("{FAE04EC0-301F-11D3-BF4B-00C04F79EFBC}") = "FesteroApp.Users.Api", "Services\Users\FesteroApp.Users.Api\FesteroApp.Users.Api.csproj", "{3C156B19-CEFB-4280-AC39-8230A89CBBB1}"
EndProject
Project("{FAE04EC0-301F-11D3-BF4B-00C04F79EFBC}") = "FesteroApp.Users.Application", "Services\Users\FesteroApp.Users.Application\FesteroApp.Users.Application.csproj", "{E1DF823B-4876-4691-9C13-9DFAF56E09D7}"
EndProject
Project("{FAE04EC0-301F-11D3-BF4B-00C04F79EFBC}") = "FesteroApp.Users.Domain", "Services\Users\FesteroApp.Users.Domain\FesteroApp.Users.Domain.csproj", "{10007BC9-4AFB-4044-9A0B-E8A6304E9F1B}"
EndProject
Project("{FAE04EC0-301F-11D3-BF4B-00C04F79EFBC}") = "FesteroApp.Users.Infrastructure", "Services\Users\FesteroApp.Users.Infrastructure\FesteroApp.Users.Infrastructure.csproj", "{5CC5E7D2-6F3C-4780-8E58-6FC29855A47F}"
EndProject
Project("{FAE04EC0-301F-11D3-BF4B-00C04F79EFBC}") = "FesteroApp.Migrations", "Migrations\FesteroApp.Migrations\FesteroApp.Migrations.csproj", "{C5957117-1C21-45D5-BCE9-546F1FBF0E68}"
EndProject
Project("{FAE04EC0-301F-11D3-BF4B-00C04F79EFBC}") = "FesteroApp.SharedKernel", "Shareds\FesteroApp.SharedKernel\FesteroApp.SharedKernel.csproj", "{8EDD34EB-9AA0-4C1E-A9F7-0C4A07F2FBB6}"
EndProject
Project("{FAE04EC0-301F-11D3-BF4B-00C04F79EFBC}") = "FesteroApp.Bus", "Shareds\FesteroApp.Bus\FesteroApp.Bus.csproj", "{A4FB76F1-E7E0-4408-B4D2-520E5D54ED53}"
EndProject
Project("{FAE04EC0-301F-11D3-BF4B-00C04F79EFBC}") = "FesteroApp.Tests", "Tests\FesteroApp.Tests\FesteroApp.Tests.csproj", "{15BB626A-B3C5-411B-809C-62798934113D}"
EndProject
Global
	GlobalSection(SolutionConfigurationPlatforms) = preSolution
		Debug|Any CPU = Debug|Any CPU
		Release|Any CPU = Release|Any CPU
	EndGlobalSection
	GlobalSection(ProjectConfigurationPlatforms) = postSolution
		{D443EC5F-12FB-45EA-85EA-21EC0F61D829}.Debug|Any CPU.ActiveCfg = Debug|Any CPU
		{D443EC5F-12FB-45EA-85EA-21EC0F61D829}.Debug|Any CPU.Build.0 = Debug|Any CPU
		{D443EC5F-12FB-45EA-85EA-21EC0F61D829}.Release|Any CPU.ActiveCfg = Release|Any CPU
		{D443EC5F-12FB-45EA-85EA-21EC0F61D829}.Release|Any CPU.Build.0 = Release|Any CPU
		{3C156B19-CEFB-4280-AC39-8230A89CBBB1}.Debug|Any CPU.ActiveCfg = Debug|Any CPU
		{3C156B19-CEFB-4280-AC39-8230A89CBBB1}.Debug|Any CPU.Build.0 = Debug|Any CPU
		{3C156B19-CEFB-4280-AC39-8230A89CBBB1}.Release|Any CPU.ActiveCfg = Release|Any CPU
		{3C156B19-CEFB-4280-AC39-8230A89CBBB1}.Release|Any CPU.Build.0 = Release|Any CPU
		{E1DF823B-4876-4691-9C13-9DFAF56E09D7}.Debug|Any CPU.ActiveCfg = Debug|Any CPU
		{E1DF823B-4876-4691-9C13-9DFAF56E09D7}.Debug|Any CPU.Build.0 = Debug|Any CPU
		{E1DF823B-4876-4691-9C13-9DFAF56E09D7}.Release|Any CPU.ActiveCfg = Release|Any CPU
		{E1DF823B-4876-4691-9C13-9DFAF56E09D7}.Release|Any CPU.Build.0 = Release|Any CPU
		{10007BC9-4AFB-4044-9A0B-E8A6304E9F1B}.Debug|Any CPU.ActiveCfg = Debug|Any CPU
		{10007BC9-4AFB-4044-9A0B-E8A6304E9F1B}.Debug|Any CPU.Build.0 = Debug|Any CPU
		{10007BC9-4AFB-4044-9A0B-E8A6304E9F1B}.Release|Any CPU.ActiveCfg = Release|Any CPU
		{10007BC9-4AFB-4044-9A0B-E8A6304E9F1B}.Release|Any CPU.Build.0 = Release|Any CPU
		{5CC5E7D2-6F3C-4780-8E58-6FC29855A47F}.Debug|Any CPU.ActiveCfg = Debug|Any CPU
		{5CC5E7D2-6F3C-4780-8E58-6FC29855A47F}.Debug|Any CPU.Build.0 = Debug|Any CPU
		{5CC5E7D2-6F3C-4780-8E58-6FC29855A47F}.Release|Any CPU.ActiveCfg = Release|Any CPU
		{5CC5E7D2-6F3C-4780-8E58-6FC29855A47F}.Release|Any CPU.Build.0 = Release|Any CPU
		{C5957117-1C21-45D5-BCE9-546F1FBF0E68}.Debug|Any CPU.ActiveCfg = Debug|Any CPU
		{C5957117-1C21-45D5-BCE9-546F1FBF0E68}.Debug|Any CPU.Build.0 = Debug|Any CPU
		{C5957117-1C21-45D5-BCE9-546F1FBF0E68}.Release|Any CPU.ActiveCfg = Release|Any CPU
		{C5957117-1C21-45D5-BCE9-546F1FBF0E68}.Release|Any CPU.Build.0 = Release|Any CPU
		{8EDD34EB-9AA0-4C1E-A9F7-0C4A07F2FBB6}.Debug|Any CPU.ActiveCfg = Debug|Any CPU
		{8EDD34EB-9AA0-4C1E-A9F7-0C4A07F2FBB6}.Debug|Any CPU.Build.0 = Debug|Any CPU
		{8EDD34EB-9AA0-4C1E-A9F7-0C4A07F2FBB6}.Release|Any CPU.ActiveCfg = Release|Any CPU
		{8EDD34EB-9AA0-4C1E-A9F7-0C4A07F2FBB6}.Release|Any CPU.Build.0 = Release|Any CPU
		{A4FB76F1-E7E0-4408-B4D2-520E5D54ED53}.Debug|Any CPU.ActiveCfg = Debug|Any CPU
		{A4FB76F1-E7E0-4408-B4D2-520E5D54ED53}.Debug|Any CPU.Build.0 = Debug|Any CPU
		{A4FB76F1-E7E0-4408-B4D2-520E5D54ED53}.Release|Any CPU.ActiveCfg = Release|Any CPU
		{A4FB76F1-E7E0-4408-B4D2-520E5D54ED53}.Release|Any CPU.Build.0 = Release|Any CPU
		{15BB626A-B3C5-411B-809C-62798934113D}.Debug|Any CPU.ActiveCfg = Debug|Any CPU
		{15BB626A-B3C5-411B-809C-62798934113D}.Debug|Any CPU.Build.0 = Debug|Any CPU
		{15BB626A-B3C5-411B-809C-62798934113D}.Release|Any CPU.ActiveCfg = Release|Any CPU
		{15BB626A-B3C5-411B-809C-62798934113D}.Release|Any CPU.Build.0 = Release|Any CPU
	EndGlobalSection
	GlobalSection(SolutionProperties) = preSolution
		HideSolutionNode = FALSE
	EndGlobalSection
	GlobalSection(ExtensibilityGlobals) = postSolution
		SolutionGuid = {18EA6DCA-4811-4E2D-B57F-8E9E21D09F44}
	EndGlobalSection
	GlobalSection(NestedProjects) = preSolution
		{3CD08F1C-CA99-4733-9D44-7DB16CC5F348} = {D5F45561-5BB5-46E7-BF17-1D9F9B45B9CB}
		{2892FBF3-2FEE-4F64-AA4B-C8DD9C4D78DE} = {D5F45561-5BB5-46E7-BF17-1D9F9B45B9CB}
		{1A79947B-80E6-407B-84E4-A4325E45228C} = {D5F45561-5BB5-46E7-BF17-1D9F9B45B9CB}
		{34AB28C8-6948-42F2-B656-57A1BD339F12} = {D5F45561-5BB5-46E7-BF17-1D9F9B45B9CB}
		{D443EC5F-12FB-45EA-85EA-21EC0F61D829} = {2B7C53B3-4C3A-4B67-863C-98EFEC54028E}
		{3C156B19-CEFB-4280-AC39-8230A89CBBB1} = {3CD08F1C-CA99-4733-9D44-7DB16CC5F348}
		{E1DF823B-4876-4691-9C13-9DFAF56E09D7} = {3CD08F1C-CA99-4733-9D44-7DB16CC5F348}
		{10007BC9-4AFB-4044-9A0B-E8A6304E9F1B} = {3CD08F1C-CA99-4733-9D44-7DB16CC5F348}
		{5CC5E7D2-6F3C-4780-8E58-6FC29855A47F} = {3CD08F1C-CA99-4733-9D44-7DB16CC5F348}
		{C5957117-1C21-45D5-BCE9-546F1FBF0E68} = {4EE093D5-3D2E-4FDE-9537-83BEE05BA21D}
		{8EDD34EB-9AA0-4C1E-A9F7-0C4A07F2FBB6} = {81D48BE0-E72F-4238-959B-C322D249FA7A}
		{A4FB76F1-E7E0-4408-B4D2-520E5D54ED53} = {81D48BE0-E72F-4238-959B-C322D249FA7A}
		{15BB626A-B3C5-411B-809C-62798934113D} = {6060A4E7-8C70-4D10-9251-9146A4DDA73E}
	EndGlobalSection
EndGlobal
